// !$*UTF8*$!
{
	archiveVersion = 1;
	classes = {
	};
	objectVersion = 56;
	objects = {

/* Begin PBXBuildFile section */
		8A7F10502E1258950086F5E0 /* HomeTestVC.swift in Sources */ = {isa = PBXBuildFile; fileRef = 8A7F104E2E1258950086F5E0 /* HomeTestVC.swift */; };
		8A7F10512E1258950086F5E0 /* HomeTestVC.xib in Resources */ = {isa = PBXBuildFile; fileRef = 8A7F104F2E1258950086F5E0 /* HomeTestVC.xib */; };
		8A7F10542E1268ED0086F5E0 /* UIView+Extension.swift in Sources */ = {isa = PBXBuildFile; fileRef = 8A7F10532E1268ED0086F5E0 /* UIView+Extension.swift */; };
		8A7F10562E126EA40086F5E0 /* HomeTestVC+Extension.swift in Sources */ = {isa = PBXBuildFile; fileRef = 8A7F10552E126EA40086F5E0 /* HomeTestVC+Extension.swift */; };
		8A7F10592E12708C0086F5E0 /* FoodTopBannerModel.swift in Sources */ = {isa = PBXBuildFile; fileRef = 8A7F10582E12708C0086F5E0 /* FoodTopBannerModel.swift */; };
		8A7F105C2E1272C60086F5E0 /* FoodTopBannerCollectionViewCell.swift in Sources */ = {isa = PBXBuildFile; fileRef = 8A7F105B2E1272C60086F5E0 /* FoodTopBannerCollectionViewCell.swift */; };
		8A7F105F2E12A0100086F5E0 /* HomeViewController.swift in Sources */ = {isa = PBXBuildFile; fileRef = 8A7F105E2E12A0100086F5E0 /* HomeViewController.swift */; };
		8A7F10612E12A3300086F5E0 /* HeaderView.swift in Sources */ = {isa = PBXBuildFile; fileRef = 8A7F10602E12A3300086F5E0 /* HeaderView.swift */; };
		8AA450B82E0E909E00CAB77B /* HomeOneCellOne.swift in Sources */ = {isa = PBXBuildFile; fileRef = 8AA450B62E0E909E00CAB77B /* HomeOneCellOne.swift */; };
		8AA450B92E0E909E00CAB77B /* HomeOneCellOne.xib in Resources */ = {isa = PBXBuildFile; fileRef = 8AA450B72E0E909E00CAB77B /* HomeOneCellOne.xib */; };
		8AA450BC2E0E945000CAB77B /* HomeOneCellTwo.swift in Sources */ = {isa = PBXBuildFile; fileRef = 8AA450BA2E0E945000CAB77B /* HomeOneCellTwo.swift */; };
		8AA450BD2E0E945000CAB77B /* HomeOneCellTwo.xib in Resources */ = {isa = PBXBuildFile; fileRef = 8AA450BB2E0E945000CAB77B /* HomeOneCellTwo.xib */; };
		8AA450C02E0EBAEF00CAB77B /* UIImage+Extenstion.swift in Sources */ = {isa = PBXBuildFile; fileRef = 8AA450BF2E0EBAEF00CAB77B /* UIImage+Extenstion.swift */; };
		8AC2FA032E13A3E8006E0C6E /* HomeViewController+Extension.swift in Sources */ = {isa = PBXBuildFile; fileRef = 8AC2FA022E13A3E8006E0C6E /* HomeViewController+Extension.swift */; };
		8AC2FA052E13A4BC006E0C6E /* TypesOfProducts.swift in Sources */ = {isa = PBXBuildFile; fileRef = 8AC2FA042E13A4BC006E0C6E /* TypesOfProducts.swift */; };
		8AC2FA082E13A98A006E0C6E /* TypeOfProdCollectionViewCell.xib in Resources */ = {isa = PBXBuildFile; fileRef = 8AC2FA072E13A98A006E0C6E /* TypeOfProdCollectionViewCell.xib */; };
		8AC2FA092E13A98A006E0C6E /* TypeOfProdCollectionViewCell.swift in Sources */ = {isa = PBXBuildFile; fileRef = 8AC2FA062E13A98A006E0C6E /* TypeOfProdCollectionViewCell.swift */; };
		8AC2FA0B2E13EA07006E0C6E /* AdBannnerModel.swift in Sources */ = {isa = PBXBuildFile; fileRef = 8AC2FA0A2E13EA07006E0C6E /* AdBannnerModel.swift */; };
		8AC2FA0F2E13ED68006E0C6E /* BannerCollectionViewCell.xib in Resources */ = {isa = PBXBuildFile; fileRef = 8AC2FA0E2E13ED68006E0C6E /* BannerCollectionViewCell.xib */; };
		8AC2FA102E13ED68006E0C6E /* BannerCollectionViewCell.swift in Sources */ = {isa = PBXBuildFile; fileRef = 8AC2FA0D2E13ED68006E0C6E /* BannerCollectionViewCell.swift */; };
		8AC2FA142E140189006E0C6E /* GroceryModel.swift in Sources */ = {isa = PBXBuildFile; fileRef = 8AC2FA132E140189006E0C6E /* GroceryModel.swift */; };
		8AC2FA172E1403A3006E0C6E /* GroceryCollectionViewCell.xib in Resources */ = {isa = PBXBuildFile; fileRef = 8AC2FA162E1403A3006E0C6E /* GroceryCollectionViewCell.xib */; };
		8AC2FA182E1403A3006E0C6E /* GroceryCollectionViewCell.swift in Sources */ = {isa = PBXBuildFile; fileRef = 8AC2FA152E1403A3006E0C6E /* GroceryCollectionViewCell.swift */; };
		8AD7CA1E2E0E6C7E006881BA /* AppDelegate.swift in Sources */ = {isa = PBXBuildFile; fileRef = 8AD7CA1D2E0E6C7E006881BA /* AppDelegate.swift */; };
		8AD7CA202E0E6C7E006881BA /* SceneDelegate.swift in Sources */ = {isa = PBXBuildFile; fileRef = 8AD7CA1F2E0E6C7E006881BA /* SceneDelegate.swift */; };
		8AD7CA222E0E6C7E006881BA /* ViewController.swift in Sources */ = {isa = PBXBuildFile; fileRef = 8AD7CA212E0E6C7E006881BA /* ViewController.swift */; };
		8AD7CA252E0E6C7E006881BA /* Base in Resources */ = {isa = PBXBuildFile; fileRef = 8AD7CA242E0E6C7E006881BA /* Base */; };
		8AD7CA272E0E6C80006881BA /* Assets.xcassets in Resources */ = {isa = PBXBuildFile; fileRef = 8AD7CA262E0E6C80006881BA /* Assets.xcassets */; };
		8AD7CA2A2E0E6C80006881BA /* Base in Resources */ = {isa = PBXBuildFile; fileRef = 8AD7CA292E0E6C80006881BA /* Base */; };
		8AD7CA342E0E6C9E006881BA /* HomeOneView.xib in Resources */ = {isa = PBXBuildFile; fileRef = 8AD7CA332E0E6C9E006881BA /* HomeOneView.xib */; };
		8AD7CA352E0E6C9E006881BA /* HomeOneView.swift in Sources */ = {isa = PBXBuildFile; fileRef = 8AD7CA322E0E6C9E006881BA /* HomeOneView.swift */; };
/* End PBXBuildFile section */

/* Begin PBXFileReference section */
		8A7F104E2E1258950086F5E0 /* HomeTestVC.swift */ = {isa = PBXFileReference; lastKnownFileType = sourcecode.swift; path = HomeTestVC.swift; sourceTree = "<group>"; };
		8A7F104F2E1258950086F5E0 /* HomeTestVC.xib */ = {isa = PBXFileReference; lastKnownFileType = file.xib; path = HomeTestVC.xib; sourceTree = "<group>"; };
		8A7F10532E1268ED0086F5E0 /* UIView+Extension.swift */ = {isa = PBXFileReference; lastKnownFileType = sourcecode.swift; path = "UIView+Extension.swift"; sourceTree = "<group>"; };
		8A7F10552E126EA40086F5E0 /* HomeTestVC+Extension.swift */ = {isa = PBXFileReference; lastKnownFileType = sourcecode.swift; path = "HomeTestVC+Extension.swift"; sourceTree = "<group>"; };
		8A7F10582E12708C0086F5E0 /* FoodTopBannerModel.swift */ = {isa = PBXFileReference; lastKnownFileType = sourcecode.swift; path = FoodTopBannerModel.swift; sourceTree = "<group>"; };
		8A7F105B2E1272C60086F5E0 /* FoodTopBannerCollectionViewCell.swift */ = {isa = PBXFileReference; lastKnownFileType = sourcecode.swift; path = FoodTopBannerCollectionViewCell.swift; sourceTree = "<group>"; };
		8A7F105E2E12A0100086F5E0 /* HomeViewController.swift */ = {isa = PBXFileReference; lastKnownFileType = sourcecode.swift; path = HomeViewController.swift; sourceTree = "<group>"; };
		8A7F10602E12A3300086F5E0 /* HeaderView.swift */ = {isa = PBXFileReference; lastKnownFileType = sourcecode.swift; path = HeaderView.swift; sourceTree = "<group>"; };
		8AA450B62E0E909E00CAB77B /* HomeOneCellOne.swift */ = {isa = PBXFileReference; lastKnownFileType = sourcecode.swift; path = HomeOneCellOne.swift; sourceTree = "<group>"; };
		8AA450B72E0E909E00CAB77B /* HomeOneCellOne.xib */ = {isa = PBXFileReference; lastKnownFileType = file.xib; path = HomeOneCellOne.xib; sourceTree = "<group>"; };
		8AA450BA2E0E945000CAB77B /* HomeOneCellTwo.swift */ = {isa = PBXFileReference; lastKnownFileType = sourcecode.swift; path = HomeOneCellTwo.swift; sourceTree = "<group>"; };
		8AA450BB2E0E945000CAB77B /* HomeOneCellTwo.xib */ = {isa = PBXFileReference; lastKnownFileType = file.xib; path = HomeOneCellTwo.xib; sourceTree = "<group>"; };
		8AA450BF2E0EBAEF00CAB77B /* UIImage+Extenstion.swift */ = {isa = PBXFileReference; lastKnownFileType = sourcecode.swift; path = "UIImage+Extenstion.swift"; sourceTree = "<group>"; };
		8AC2FA022E13A3E8006E0C6E /* HomeViewController+Extension.swift */ = {isa = PBXFileReference; lastKnownFileType = sourcecode.swift; path = "HomeViewController+Extension.swift"; sourceTree = "<group>"; };
		8AC2FA042E13A4BC006E0C6E /* TypesOfProducts.swift */ = {isa = PBXFileReference; lastKnownFileType = sourcecode.swift; path = TypesOfProducts.swift; sourceTree = "<group>"; };
		8AC2FA062E13A98A006E0C6E /* TypeOfProdCollectionViewCell.swift */ = {isa = PBXFileReference; lastKnownFileType = sourcecode.swift; path = TypeOfProdCollectionViewCell.swift; sourceTree = "<group>"; };
		8AC2FA072E13A98A006E0C6E /* TypeOfProdCollectionViewCell.xib */ = {isa = PBXFileReference; lastKnownFileType = file.xib; path = TypeOfProdCollectionViewCell.xib; sourceTree = "<group>"; };
		8AC2FA0A2E13EA07006E0C6E /* AdBannnerModel.swift */ = {isa = PBXFileReference; lastKnownFileType = sourcecode.swift; path = AdBannnerModel.swift; sourceTree = "<group>"; };
		8AC2FA0D2E13ED68006E0C6E /* BannerCollectionViewCell.swift */ = {isa = PBXFileReference; lastKnownFileType = sourcecode.swift; path = BannerCollectionViewCell.swift; sourceTree = "<group>"; };
		8AC2FA0E2E13ED68006E0C6E /* BannerCollectionViewCell.xib */ = {isa = PBXFileReference; lastKnownFileType = file.xib; path = BannerCollectionViewCell.xib; sourceTree = "<group>"; };
		8AC2FA132E140189006E0C6E /* GroceryModel.swift */ = {isa = PBXFileReference; lastKnownFileType = sourcecode.swift; path = GroceryModel.swift; sourceTree = "<group>"; };
		8AC2FA152E1403A3006E0C6E /* GroceryCollectionViewCell.swift */ = {isa = PBXFileReference; lastKnownFileType = sourcecode.swift; path = GroceryCollectionViewCell.swift; sourceTree = "<group>"; };
		8AC2FA162E1403A3006E0C6E /* GroceryCollectionViewCell.xib */ = {isa = PBXFileReference; lastKnownFileType = file.xib; path = GroceryCollectionViewCell.xib; sourceTree = "<group>"; };
		8AD7CA1A2E0E6C7E006881BA /* TestParamparaTemplate.app */ = {isa = PBXFileReference; explicitFileType = wrapper.application; includeInIndex = 0; path = TestParamparaTemplate.app; sourceTree = BUILT_PRODUCTS_DIR; };
		8AD7CA1D2E0E6C7E006881BA /* AppDelegate.swift */ = {isa = PBXFileReference; lastKnownFileType = sourcecode.swift; path = AppDelegate.swift; sourceTree = "<group>"; };
		8AD7CA1F2E0E6C7E006881BA /* SceneDelegate.swift */ = {isa = PBXFileReference; lastKnownFileType = sourcecode.swift; path = SceneDelegate.swift; sourceTree = "<group>"; };
		8AD7CA212E0E6C7E006881BA /* ViewController.swift */ = {isa = PBXFileReference; lastKnownFileType = sourcecode.swift; path = ViewController.swift; sourceTree = "<group>"; };
		8AD7CA242E0E6C7E006881BA /* Base */ = {isa = PBXFileReference; lastKnownFileType = file.storyboard; name = Base; path = Base.lproj/Main.storyboard; sourceTree = "<group>"; };
		8AD7CA262E0E6C80006881BA /* Assets.xcassets */ = {isa = PBXFileReference; lastKnownFileType = folder.assetcatalog; path = Assets.xcassets; sourceTree = "<group>"; };
		8AD7CA292E0E6C80006881BA /* Base */ = {isa = PBXFileReference; lastKnownFileType = file.storyboard; name = Base; path = Base.lproj/LaunchScreen.storyboard; sourceTree = "<group>"; };
		8AD7CA2B2E0E6C80006881BA /* Info.plist */ = {isa = PBXFileReference; lastKnownFileType = text.plist.xml; path = Info.plist; sourceTree = "<group>"; };
		8AD7CA322E0E6C9E006881BA /* HomeOneView.swift */ = {isa = PBXFileReference; lastKnownFileType = sourcecode.swift; path = HomeOneView.swift; sourceTree = "<group>"; };
		8AD7CA332E0E6C9E006881BA /* HomeOneView.xib */ = {isa = PBXFileReference; lastKnownFileType = file.xib; path = HomeOneView.xib; sourceTree = "<group>"; };
/* End PBXFileReference section */

/* Begin PBXFrameworksBuildPhase section */
		8AD7CA172E0E6C7E006881BA /* Frameworks */ = {
			isa = PBXFrameworksBuildPhase;
			buildActionMask = 2147483647;
			files = (
			);
			runOnlyForDeploymentPostprocessing = 0;
		};
/* End PBXFrameworksBuildPhase section */

/* Begin PBXGroup section */
		8A7F10572E1270470086F5E0 /* Models */ = {
			isa = PBXGroup;
			children = (
				8A7F10582E12708C0086F5E0 /* FoodTopBannerModel.swift */,
				8AC2FA042E13A4BC006E0C6E /* TypesOfProducts.swift */,
				8AC2FA0A2E13EA07006E0C6E /* AdBannnerModel.swift */,
				8AC2FA132E140189006E0C6E /* GroceryModel.swift */,
			);
			path = Models;
			sourceTree = "<group>";
		};
		8A7F105A2E1272520086F5E0 /* HomeTestCells */ = {
			isa = PBXGroup;
			children = (
				8A7F105B2E1272C60086F5E0 /* FoodTopBannerCollectionViewCell.swift */,
			);
			path = HomeTestCells;
			sourceTree = "<group>";
		};
		8A7F105D2E129FA70086F5E0 /* HomeView */ = {
			isa = PBXGroup;
			children = (
				8A7F105E2E12A0100086F5E0 /* HomeViewController.swift */,
				8A7F10602E12A3300086F5E0 /* HeaderView.swift */,
				8AC2FA022E13A3E8006E0C6E /* HomeViewController+Extension.swift */,
				8AC2FA0C2E13EAE4006E0C6E /* HomeViewTestCells */,
			);
			path = HomeView;
			sourceTree = "<group>";
		};
		8AA450B52E0E904800CAB77B /* HomeViewCells */ = {
			isa = PBXGroup;
			children = (
				8AA450B62E0E909E00CAB77B /* HomeOneCellOne.swift */,
				8AA450B72E0E909E00CAB77B /* HomeOneCellOne.xib */,
				8AA450BA2E0E945000CAB77B /* HomeOneCellTwo.swift */,
				8AA450BB2E0E945000CAB77B /* HomeOneCellTwo.xib */,
			);
			path = HomeViewCells;
			sourceTree = "<group>";
		};
		8AA450BE2E0EBAAE00CAB77B /* Utilities */ = {
			isa = PBXGroup;
			children = (
				8AA450BF2E0EBAEF00CAB77B /* UIImage+Extenstion.swift */,
				8A7F10532E1268ED0086F5E0 /* UIView+Extension.swift */,
			);
			path = Utilities;
			sourceTree = "<group>";
		};
		8AC2FA0C2E13EAE4006E0C6E /* HomeViewTestCells */ = {
			isa = PBXGroup;
			children = (
				8AC2FA062E13A98A006E0C6E /* TypeOfProdCollectionViewCell.swift */,
				8AC2FA072E13A98A006E0C6E /* TypeOfProdCollectionViewCell.xib */,
				8AC2FA0D2E13ED68006E0C6E /* BannerCollectionViewCell.swift */,
				8AC2FA0E2E13ED68006E0C6E /* BannerCollectionViewCell.xib */,
				8AC2FA152E1403A3006E0C6E /* GroceryCollectionViewCell.swift */,
				8AC2FA162E1403A3006E0C6E /* GroceryCollectionViewCell.xib */,
			);
			path = HomeViewTestCells;
			sourceTree = "<group>";
		};
		8AD7CA112E0E6C7E006881BA = {
			isa = PBXGroup;
			children = (
				8AD7CA1C2E0E6C7E006881BA /* TestParamparaTemplate */,
				8AD7CA1B2E0E6C7E006881BA /* Products */,
			);
			sourceTree = "<group>";
		};
		8AD7CA1B2E0E6C7E006881BA /* Products */ = {
			isa = PBXGroup;
			children = (
				8AD7CA1A2E0E6C7E006881BA /* TestParamparaTemplate.app */,
			);
			name = Products;
			sourceTree = "<group>";
		};
		8AD7CA1C2E0E6C7E006881BA /* TestParamparaTemplate */ = {
			isa = PBXGroup;
			children = (
				8A7F10572E1270470086F5E0 /* Models */,
				8AA450BE2E0EBAAE00CAB77B /* Utilities */,
				8AD7CA312E0E6C86006881BA /* HomeView */,
				8AD7CA1D2E0E6C7E006881BA /* AppDelegate.swift */,
				8AD7CA1F2E0E6C7E006881BA /* SceneDelegate.swift */,
				8AD7CA212E0E6C7E006881BA /* ViewController.swift */,
				8AD7CA232E0E6C7E006881BA /* Main.storyboard */,
				8AD7CA262E0E6C80006881BA /* Assets.xcassets */,
				8AD7CA282E0E6C80006881BA /* LaunchScreen.storyboard */,
				8AD7CA2B2E0E6C80006881BA /* Info.plist */,
			);
			path = TestParamparaTemplate;
			sourceTree = "<group>";
		};
		8AD7CA312E0E6C86006881BA /* HomeView */ = {
			isa = PBXGroup;
			children = (
				8A7F105D2E129FA70086F5E0 /* HomeView */,
				8A7F105A2E1272520086F5E0 /* HomeTestCells */,
				8AA450B52E0E904800CAB77B /* HomeViewCells */,
				8AD7CA322E0E6C9E006881BA /* HomeOneView.swift */,
				8AD7CA332E0E6C9E006881BA /* HomeOneView.xib */,
				8A7F104E2E1258950086F5E0 /* HomeTestVC.swift */,
				8A7F104F2E1258950086F5E0 /* HomeTestVC.xib */,
				8A7F10552E126EA40086F5E0 /* HomeTestVC+Extension.swift */,
			);
			path = HomeView;
			sourceTree = "<group>";
		};
/* End PBXGroup section */

/* Begin PBXNativeTarget section */
		8AD7CA192E0E6C7E006881BA /* TestParamparaTemplate */ = {
			isa = PBXNativeTarget;
			buildConfigurationList = 8AD7CA2E2E0E6C80006881BA /* Build configuration list for PBXNativeTarget "TestParamparaTemplate" */;
			buildPhases = (
				8AD7CA162E0E6C7E006881BA /* Sources */,
				8AD7CA172E0E6C7E006881BA /* Frameworks */,
				8AD7CA182E0E6C7E006881BA /* Resources */,
			);
			buildRules = (
			);
			dependencies = (
			);
			name = TestParamparaTemplate;
			productName = TestParamparaTemplate;
			productReference = 8AD7CA1A2E0E6C7E006881BA /* TestParamparaTemplate.app */;
			productType = "com.apple.product-type.application";
		};
/* End PBXNativeTarget section */

/* Begin PBXProject section */
		8AD7CA122E0E6C7E006881BA /* Project object */ = {
			isa = PBXProject;
			attributes = {
				BuildIndependentTargetsInParallel = 1;
				LastSwiftUpdateCheck = 1530;
				LastUpgradeCheck = 1530;
				TargetAttributes = {
					8AD7CA192E0E6C7E006881BA = {
						CreatedOnToolsVersion = 15.3;
					};
				};
			};
			buildConfigurationList = 8AD7CA152E0E6C7E006881BA /* Build configuration list for PBXProject "TestParamparaTemplate" */;
			compatibilityVersion = "Xcode 14.0";
			developmentRegion = en;
			hasScannedForEncodings = 0;
			knownRegions = (
				en,
				Base,
			);
			mainGroup = 8AD7CA112E0E6C7E006881BA;
			productRefGroup = 8AD7CA1B2E0E6C7E006881BA /* Products */;
			projectDirPath = "";
			projectRoot = "";
			targets = (
				8AD7CA192E0E6C7E006881BA /* TestParamparaTemplate */,
			);
		};
/* End PBXProject section */

/* Begin PBXResourcesBuildPhase section */
		8AD7CA182E0E6C7E006881BA /* Resources */ = {
			isa = PBXResourcesBuildPhase;
			buildActionMask = 2147483647;
			files = (
				8AC2FA082E13A98A006E0C6E /* TypeOfProdCollectionViewCell.xib in Resources */,
				8A7F10512E1258950086F5E0 /* HomeTestVC.xib in Resources */,
				8AA450BD2E0E945000CAB77B /* HomeOneCellTwo.xib in Resources */,
				8AD7CA272E0E6C80006881BA /* Assets.xcassets in Resources */,
				8AD7CA2A2E0E6C80006881BA /* Base in Resources */,
				8AA450B92E0E909E00CAB77B /* HomeOneCellOne.xib in Resources */,
				8AD7CA342E0E6C9E006881BA /* HomeOneView.xib in Resources */,
				8AC2FA0F2E13ED68006E0C6E /* BannerCollectionViewCell.xib in Resources */,
				8AC2FA172E1403A3006E0C6E /* GroceryCollectionViewCell.xib in Resources */,
				8AD7CA252E0E6C7E006881BA /* Base in Resources */,
			);
			runOnlyForDeploymentPostprocessing = 0;
		};
/* End PBXResourcesBuildPhase section */

/* Begin PBXSourcesBuildPhase section */
		8AD7CA162E0E6C7E006881BA /* Sources */ = {
			isa = PBXSourcesBuildPhase;
			buildActionMask = 2147483647;
			files = (
				8A7F105C2E1272C60086F5E0 /* FoodTopBannerCollectionViewCell.swift in Sources */,
				8AC2FA142E140189006E0C6E /* GroceryModel.swift in Sources */,
				8AD7CA222E0E6C7E006881BA /* ViewController.swift in Sources */,
				8AA450B82E0E909E00CAB77B /* HomeOneCellOne.swift in Sources */,
				8AA450BC2E0E945000CAB77B /* HomeOneCellTwo.swift in Sources */,
				8AC2FA102E13ED68006E0C6E /* BannerCollectionViewCell.swift in Sources */,
				8A7F10542E1268ED0086F5E0 /* UIView+Extension.swift in Sources */,
				8AC2FA0B2E13EA07006E0C6E /* AdBannnerModel.swift in Sources */,
				8AC2FA182E1403A3006E0C6E /* GroceryCollectionViewCell.swift in Sources */,
				8AC2FA032E13A3E8006E0C6E /* HomeViewController+Extension.swift in Sources */,
				8AD7CA1E2E0E6C7E006881BA /* AppDelegate.swift in Sources */,
				8AA450C02E0EBAEF00CAB77B /* UIImage+Extenstion.swift in Sources */,
				8A7F10502E1258950086F5E0 /* HomeTestVC.swift in Sources */,
				8A7F10592E12708C0086F5E0 /* FoodTopBannerModel.swift in Sources */,
				8AD7CA352E0E6C9E006881BA /* HomeOneView.swift in Sources */,
				8AD7CA202E0E6C7E006881BA /* SceneDelegate.swift in Sources */,
				8AC2FA092E13A98A006E0C6E /* TypeOfProdCollectionViewCell.swift in Sources */,
				8A7F105F2E12A0100086F5E0 /* HomeViewController.swift in Sources */,
				8A7F10562E126EA40086F5E0 /* HomeTestVC+Extension.swift in Sources */,
				8AC2FA052E13A4BC006E0C6E /* TypesOfProducts.swift in Sources */,
				8A7F10612E12A3300086F5E0 /* HeaderView.swift in Sources */,
			);
			runOnlyForDeploymentPostprocessing = 0;
		};
/* End PBXSourcesBuildPhase section */

/* Begin PBXVariantGroup section */
		8AD7CA232E0E6C7E006881BA /* Main.storyboard */ = {
			isa = PBXVariantGroup;
			children = (
				8AD7CA242E0E6C7E006881BA /* Base */,
			);
			name = Main.storyboard;
			sourceTree = "<group>";
		};
		8AD7CA282E0E6C80006881BA /* LaunchScreen.storyboard */ = {
			isa = PBXVariantGroup;
			children = (
				8AD7CA292E0E6C80006881BA /* Base */,
			);
			name = LaunchScreen.storyboard;
			sourceTree = "<group>";
		};
/* End PBXVariantGroup section */

/* Begin XCBuildConfiguration section */
		8AD7CA2C2E0E6C80006881BA /* Debug */ = {
			isa = XCBuildConfiguration;
			buildSettings = {
				ALWAYS_SEARCH_USER_PATHS = NO;
				ASSETCATALOG_COMPILER_GENERATE_SWIFT_ASSET_SYMBOL_EXTENSIONS = YES;
				CLANG_ANALYZER_NONNULL = YES;
				CLANG_ANALYZER_NUMBER_OBJECT_CONVERSION = YES_AGGRESSIVE;
				CLANG_CXX_LANGUAGE_STANDARD = "gnu++20";
				CLANG_ENABLE_MODULES = YES;
				CLANG_ENABLE_OBJC_ARC = YES;
				CLANG_ENABLE_OBJC_WEAK = YES;
				CLANG_WARN_BLOCK_CAPTURE_AUTORELEASING = YES;
				CLANG_WARN_BOOL_CONVERSION = YES;
				CLANG_WARN_COMMA = YES;
				CLANG_WARN_CONSTANT_CONVERSION = YES;
				CLANG_WARN_DEPRECATED_OBJC_IMPLEMENTATIONS = YES;
				CLANG_WARN_DIRECT_OBJC_ISA_USAGE = YES_ERROR;
				CLANG_WARN_DOCUMENTATION_COMMENTS = YES;
				CLANG_WARN_EMPTY_BODY = YES;
				CLANG_WARN_ENUM_CONVERSION = YES;
				CLANG_WARN_INFINITE_RECURSION = YES;
				CLANG_WARN_INT_CONVERSION = YES;
				CLANG_WARN_NON_LITERAL_NULL_CONVERSION = YES;
				CLANG_WARN_OBJC_IMPLICIT_RETAIN_SELF = YES;
				CLANG_WARN_OBJC_LITERAL_CONVERSION = YES;
				CLANG_WARN_OBJC_ROOT_CLASS = YES_ERROR;
				CLANG_WARN_QUOTED_INCLUDE_IN_FRAMEWORK_HEADER = YES;
				CLANG_WARN_RANGE_LOOP_ANALYSIS = YES;
				CLANG_WARN_STRICT_PROTOTYPES = YES;
				CLANG_WARN_SUSPICIOUS_MOVE = YES;
				CLANG_WARN_UNGUARDED_AVAILABILITY = YES_AGGRESSIVE;
				CLANG_WARN_UNREACHABLE_CODE = YES;
				CLANG_WARN__DUPLICATE_METHOD_MATCH = YES;
				COPY_PHASE_STRIP = NO;
				DEBUG_INFORMATION_FORMAT = dwarf;
				ENABLE_STRICT_OBJC_MSGSEND = YES;
				ENABLE_TESTABILITY = YES;
				ENABLE_USER_SCRIPT_SANDBOXING = YES;
				GCC_C_LANGUAGE_STANDARD = gnu17;
				GCC_DYNAMIC_NO_PIC = NO;
				GCC_NO_COMMON_BLOCKS = YES;
				GCC_OPTIMIZATION_LEVEL = 0;
				GCC_PREPROCESSOR_DEFINITIONS = (
					"DEBUG=1",
					"$(inherited)",
				);
				GCC_WARN_64_TO_32_BIT_CONVERSION = YES;
				GCC_WARN_ABOUT_RETURN_TYPE = YES_ERROR;
				GCC_WARN_UNDECLARED_SELECTOR = YES;
				GCC_WARN_UNINITIALIZED_AUTOS = YES_AGGRESSIVE;
				GCC_WARN_UNUSED_FUNCTION = YES;
				GCC_WARN_UNUSED_VARIABLE = YES;
				IPHONEOS_DEPLOYMENT_TARGET = 17.4;
				LOCALIZATION_PREFERS_STRING_CATALOGS = YES;
				MTL_ENABLE_DEBUG_INFO = INCLUDE_SOURCE;
				MTL_FAST_MATH = YES;
				ONLY_ACTIVE_ARCH = YES;
				SDKROOT = iphoneos;
				SWIFT_ACTIVE_COMPILATION_CONDITIONS = "DEBUG $(inherited)";
				SWIFT_OPTIMIZATION_LEVEL = "-Onone";
			};
			name = Debug;
		};
		8AD7CA2D2E0E6C80006881BA /* Release */ = {
			isa = XCBuildConfiguration;
			buildSettings = {
				ALWAYS_SEARCH_USER_PATHS = NO;
				ASSETCATALOG_COMPILER_GENERATE_SWIFT_ASSET_SYMBOL_EXTENSIONS = YES;
				CLANG_ANALYZER_NONNULL = YES;
				CLANG_ANALYZER_NUMBER_OBJECT_CONVERSION = YES_AGGRESSIVE;
				CLANG_CXX_LANGUAGE_STANDARD = "gnu++20";
				CLANG_ENABLE_MODULES = YES;
				CLANG_ENABLE_OBJC_ARC = YES;
				CLANG_ENABLE_OBJC_WEAK = YES;
				CLANG_WARN_BLOCK_CAPTURE_AUTORELEASING = YES;
				CLANG_WARN_BOOL_CONVERSION = YES;
				CLANG_WARN_COMMA = YES;
				CLANG_WARN_CONSTANT_CONVERSION = YES;
				CLANG_WARN_DEPRECATED_OBJC_IMPLEMENTATIONS = YES;
				CLANG_WARN_DIRECT_OBJC_ISA_USAGE = YES_ERROR;
				CLANG_WARN_DOCUMENTATION_COMMENTS = YES;
				CLANG_WARN_EMPTY_BODY = YES;
				CLANG_WARN_ENUM_CONVERSION = YES;
				CLANG_WARN_INFINITE_RECURSION = YES;
				CLANG_WARN_INT_CONVERSION = YES;
				CLANG_WARN_NON_LITERAL_NULL_CONVERSION = YES;
				CLANG_WARN_OBJC_IMPLICIT_RETAIN_SELF = YES;
				CLANG_WARN_OBJC_LITERAL_CONVERSION = YES;
				CLANG_WARN_OBJC_ROOT_CLASS = YES_ERROR;
				CLANG_WARN_QUOTED_INCLUDE_IN_FRAMEWORK_HEADER = YES;
				CLANG_WARN_RANGE_LOOP_ANALYSIS = YES;
				CLANG_WARN_STRICT_PROTOTYPES = YES;
				CLANG_WARN_SUSPICIOUS_MOVE = YES;
				CLANG_WARN_UNGUARDED_AVAILABILITY = YES_AGGRESSIVE;
				CLANG_WARN_UNREACHABLE_CODE = YES;
				CLANG_WARN__DUPLICATE_METHOD_MATCH = YES;
				COPY_PHASE_STRIP = NO;
				DEBUG_INFORMATION_FORMAT = "dwarf-with-dsym";
				ENABLE_NS_ASSERTIONS = NO;
				ENABLE_STRICT_OBJC_MSGSEND = YES;
				ENABLE_USER_SCRIPT_SANDBOXING = YES;
				GCC_C_LANGUAGE_STANDARD = gnu17;
				GCC_NO_COMMON_BLOCKS = YES;
				GCC_WARN_64_TO_32_BIT_CONVERSION = YES;
				GCC_WARN_ABOUT_RETURN_TYPE = YES_ERROR;
				GCC_WARN_UNDECLARED_SELECTOR = YES;
				GCC_WARN_UNINITIALIZED_AUTOS = YES_AGGRESSIVE;
				GCC_WARN_UNUSED_FUNCTION = YES;
				GCC_WARN_UNUSED_VARIABLE = YES;
				IPHONEOS_DEPLOYMENT_TARGET = 17.4;
				LOCALIZATION_PREFERS_STRING_CATALOGS = YES;
				MTL_ENABLE_DEBUG_INFO = NO;
				MTL_FAST_MATH = YES;
				SDKROOT = iphoneos;
				SWIFT_COMPILATION_MODE = wholemodule;
				VALIDATE_PRODUCT = YES;
			};
			name = Release;
		};
		8AD7CA2F2E0E6C80006881BA /* Debug */ = {
			isa = XCBuildConfiguration;
			buildSettings = {
				ASSETCATALOG_COMPILER_APPICON_NAME = AppIcon;
				ASSETCATALOG_COMPILER_GLOBAL_ACCENT_COLOR_NAME = AccentColor;
				CODE_SIGN_STYLE = Automatic;
				CURRENT_PROJECT_VERSION = 1;
				GENERATE_INFOPLIST_FILE = YES;
				INFOPLIST_FILE = TestParamparaTemplate/Info.plist;
				INFOPLIST_KEY_UIApplicationSupportsIndirectInputEvents = YES;
				INFOPLIST_KEY_UILaunchStoryboardName = LaunchScreen;
				INFOPLIST_KEY_UIMainStoryboardFile = Main;
				INFOPLIST_KEY_UISupportedInterfaceOrientations_iPad = "UIInterfaceOrientationPortrait UIInterfaceOrientationPortraitUpsideDown UIInterfaceOrientationLandscapeLeft UIInterfaceOrientationLandscapeRight";
				INFOPLIST_KEY_UISupportedInterfaceOrientations_iPhone = "UIInterfaceOrientationPortrait UIInterfaceOrientationLandscapeLeft UIInterfaceOrientationLandscapeRight";
				LD_RUNPATH_SEARCH_PATHS = (
					"$(inherited)",
					"@executable_path/Frameworks",
				);
				MARKETING_VERSION = 1.0;
				PRODUCT_BUNDLE_IDENTIFIER = com.Example.app.TestParamparaTemplate;
				PRODUCT_NAME = "$(TARGET_NAME)";
				SWIFT_EMIT_LOC_STRINGS = YES;
				SWIFT_VERSION = 5.0;
				TARGETED_DEVICE_FAMILY = "1,2";
			};
			name = Debug;
		};
		8AD7CA302E0E6C80006881BA /* Release */ = {
			isa = XCBuildConfiguration;
			buildSettings = {
				ASSETCATALOG_COMPILER_APPICON_NAME = AppIcon;
				ASSETCATALOG_COMPILER_GLOBAL_ACCENT_COLOR_NAME = AccentColor;
				CODE_SIGN_STYLE = Automatic;
				CURRENT_PROJECT_VERSION = 1;
				GENERATE_INFOPLIST_FILE = YES;
				INFOPLIST_FILE = TestParamparaTemplate/Info.plist;
				INFOPLIST_KEY_UIApplicationSupportsIndirectInputEvents = YES;
				INFOPLIST_KEY_UILaunchStoryboardName = LaunchScreen;
				INFOPLIST_KEY_UIMainStoryboardFile = Main;
				INFOPLIST_KEY_UISupportedInterfaceOrientations_iPad = "UIInterfaceOrientationPortrait UIInterfaceOrientationPortraitUpsideDown UIInterfaceOrientationLandscapeLeft UIInterfaceOrientationLandscapeRight";
				INFOPLIST_KEY_UISupportedInterfaceOrientations_iPhone = "UIInterfaceOrientationPortrait UIInterfaceOrientationLandscapeLeft UIInterfaceOrientationLandscapeRight";
				LD_RUNPATH_SEARCH_PATHS = (
					"$(inherited)",
					"@executable_path/Frameworks",
				);
				MARKETING_VERSION = 1.0;
				PRODUCT_BUNDLE_IDENTIFIER = com.Example.app.TestParamparaTemplate;
				PRODUCT_NAME = "$(TARGET_NAME)";
				SWIFT_EMIT_LOC_STRINGS = YES;
				SWIFT_VERSION = 5.0;
				TARGETED_DEVICE_FAMILY = "1,2";
			};
			name = Release;
		};
/* End XCBuildConfiguration section */

/* Begin XCConfigurationList section */
		8AD7CA152E0E6C7E006881BA /* Build configuration list for PBXProject "TestParamparaTemplate" */ = {
			isa = XCConfigurationList;
			buildConfigurations = (
				8AD7CA2C2E0E6C80006881BA /* Debug */,
				8AD7CA2D2E0E6C80006881BA /* Release */,
			);
			defaultConfigurationIsVisible = 0;
			defaultConfigurationName = Release;
		};
		8AD7CA2E2E0E6C80006881BA /* Build configuration list for PBXNativeTarget "TestParamparaTemplate" */ = {
			isa = XCConfigurationList;
			buildConfigurations = (
				8AD7CA2F2E0E6C80006881BA /* Debug */,
				8AD7CA302E0E6C80006881BA /* Release */,
			);
			defaultConfigurationIsVisible = 0;
			defaultConfigurationName = Release;
		};
/* End XCConfigurationList section */
	};
	rootObject = 8AD7CA122E0E6C7E006881BA /* Project object */;
}
